Microsoft Visual Studio Solution File, Format Version 12.00
# Visual Studio 15
VisualStudioVersion = 15.0.27130.2010
MinimumVisualStudioVersion = 10.0.40219.1
Project("{FAE04EC0-301F-11D3-BF4B-00C04F79EFBC}") = "Azure.Storage.Table.GetTableClient", "Azure.Storage.Table.GetTableClient\Azure.Storage.Table.GetTableClient.csproj", "{AD7E6198-AD7E-6198-AD7E-6198AD7E6198}"
EndProject
Global
	GlobalSection(SolutionConfigurationPlatforms) = preSolution
		Debug|Any CPU = Debug|Any CPU
		Release|Any CPU = Release|Any CPU
	EndGlobalSection
	GlobalSection(ProjectConfigurationPlatforms) = postSolution
		{AD7E6198-AD7E-6198-AD7E-6198AD7E6198}.Debug|Any CPU.ActiveCfg = Debug|Any CPU
		{AD7E6198-AD7E-6198-AD7E-6198AD7E6198}.Debug|Any CPU.Build.0 = Debug|Any CPU
		{AD7E6198-AD7E-6198-AD7E-6198AD7E6198}.Release|Any CPU.ActiveCfg = Release|Any CPU
		{AD7E6198-AD7E-6198-AD7E-6198AD7E6198}.Release|Any CPU.Build.0 = Release|Any CPU
	EndGlobalSection
	GlobalSection(SolutionProperties) = preSolution
		HideSolutionNode = FALSE
	EndGlobalSection
	GlobalSection(ExtensibilityGlobals) = preSolution
		SolutionGuid = {B91785C3-B917-85C3-B917-85C3B91785C3}
	EndGlobalSection
EndGlobal

